
Microsoft Visual Studio Solution File, Format Version 12.00
# Visual Studio 15
VisualStudioVersion = 15.0.28124.53
MinimumVisualStudioVersion = 10.0.40219.1
Project("{9A19103F-16F7-4668-BE54-9A1E7A4F7556}") = "Task3", "Task3\Task3.Core\Task3.csproj", "{7263181A-A3FF-411F-A5C4-13C27B34D617}"
EndProject
Project("{FAE04EC0-301F-11D3-BF4B-00C04F79EFBC}") = "Task3.Droid", "Task3\Task3.Droid\Task3.Droid.csproj", "{E6BCC129-39C3-4BCF-9699-4BA03BB4BC11}"
EndProject
Project("{FAE04EC0-301F-11D3-BF4B-00C04F79EFBC}") = "Task3.iOS", "Task3\Task3.iOS\Task3.iOS.csproj", "{255E3AF5-8CAB-4F3C-B500-1351EE7D59EF}"
EndProject
Project("{FAE04EC0-301F-11D3-BF4B-00C04F79EFBC}") = "Task3.Core", "Task3.Core\Task3.Core.csproj", "{DFB8A7AD-A599-4E8B-A977-1334696CBAFC}"
EndProject
Project("{FAE04EC0-301F-11D3-BF4B-00C04F79EFBC}") = "Task3.Domain", "Task3.Domain\Task3.Domain.csproj", "{D9843D7A-4EAE-4300-93AF-812583B5E2F9}"
EndProject
Global
	GlobalSection(SolutionConfigurationPlatforms) = preSolution
		Ad-Hoc|Any CPU = Ad-Hoc|Any CPU
		Ad-Hoc|ARM = Ad-Hoc|ARM
		Ad-Hoc|iPhone = Ad-Hoc|iPhone
		Ad-Hoc|iPhoneSimulator = Ad-Hoc|iPhoneSimulator
		Ad-Hoc|x64 = Ad-Hoc|x64
		Ad-Hoc|x86 = Ad-Hoc|x86
		AppStore|Any CPU = AppStore|Any CPU
		AppStore|ARM = AppStore|ARM
		AppStore|iPhone = AppStore|iPhone
		AppStore|iPhoneSimulator = AppStore|iPhoneSimulator
		AppStore|x64 = AppStore|x64
		AppStore|x86 = AppStore|x86
		Debug|Any CPU = Debug|Any CPU
		Debug|ARM = Debug|ARM
		Debug|iPhone = Debug|iPhone
		Debug|iPhoneSimulator = Debug|iPhoneSimulator
		Debug|x64 = Debug|x64
		Debug|x86 = Debug|x86
		Release|Any CPU = Release|Any CPU
		Release|ARM = Release|ARM
		Release|iPhone = Release|iPhone
		Release|iPhoneSimulator = Release|iPhoneSimulator
		Release|x64 = Release|x64
		Release|x86 = Release|x86
	EndGlobalSection
	GlobalSection(ProjectConfigurationPlatforms) = postSolution
		{7263181A-A3FF-411F-A5C4-13C27B34D617}.Ad-Hoc|Any CPU.ActiveCfg = Debug|Any CPU
		{7263181A-A3FF-411F-A5C4-13C27B34D617}.Ad-Hoc|Any CPU.Build.0 = Debug|Any CPU
		{7263181A-A3FF-411F-A5C4-13C27B34D617}.Ad-Hoc|ARM.ActiveCfg = Debug|Any CPU
		{7263181A-A3FF-411F-A5C4-13C27B34D617}.Ad-Hoc|ARM.Build.0 = Debug|Any CPU
		{7263181A-A3FF-411F-A5C4-13C27B34D617}.Ad-Hoc|iPhone.ActiveCfg = Debug|Any CPU
		{7263181A-A3FF-411F-A5C4-13C27B34D617}.Ad-Hoc|iPhone.Build.0 = Debug|Any CPU
		{7263181A-A3FF-411F-A5C4-13C27B34D617}.Ad-Hoc|iPhoneSimulator.ActiveCfg = Debug|Any CPU
		{7263181A-A3FF-411F-A5C4-13C27B34D617}.Ad-Hoc|iPhoneSimulator.Build.0 = Debug|Any CPU
		{7263181A-A3FF-411F-A5C4-13C27B34D617}.Ad-Hoc|x64.ActiveCfg = Debug|Any CPU
		{7263181A-A3FF-411F-A5C4-13C27B34D617}.Ad-Hoc|x64.Build.0 = Debug|Any CPU
		{7263181A-A3FF-411F-A5C4-13C27B34D617}.Ad-Hoc|x86.ActiveCfg = Debug|Any CPU
		{7263181A-A3FF-411F-A5C4-13C27B34D617}.Ad-Hoc|x86.Build.0 = Debug|Any CPU
		{7263181A-A3FF-411F-A5C4-13C27B34D617}.AppStore|Any CPU.ActiveCfg = Debug|Any CPU
		{7263181A-A3FF-411F-A5C4-13C27B34D617}.AppStore|Any CPU.Build.0 = Debug|Any CPU
		{7263181A-A3FF-411F-A5C4-13C27B34D617}.AppStore|ARM.ActiveCfg = Debug|Any CPU
		{7263181A-A3FF-411F-A5C4-13C27B34D617}.AppStore|ARM.Build.0 = Debug|Any CPU
		{7263181A-A3FF-411F-A5C4-13C27B34D617}.AppStore|iPhone.ActiveCfg = Debug|Any CPU
		{7263181A-A3FF-411F-A5C4-13C27B34D617}.AppStore|iPhone.Build.0 = Debug|Any CPU
		{7263181A-A3FF-411F-A5C4-13C27B34D617}.AppStore|iPhoneSimulator.ActiveCfg = Debug|Any CPU
		{7263181A-A3FF-411F-A5C4-13C27B34D617}.AppStore|iPhoneSimulator.Build.0 = Debug|Any CPU
		{7263181A-A3FF-411F-A5C4-13C27B34D617}.AppStore|x64.ActiveCfg = Debug|Any CPU
		{7263181A-A3FF-411F-A5C4-13C27B34D617}.AppStore|x64.Build.0 = Debug|Any CPU
		{7263181A-A3FF-411F-A5C4-13C27B34D617}.AppStore|x86.ActiveCfg = Debug|Any CPU
		{7263181A-A3FF-411F-A5C4-13C27B34D617}.AppStore|x86.Build.0 = Debug|Any CPU
		{7263181A-A3FF-411F-A5C4-13C27B34D617}.Debug|Any CPU.ActiveCfg = Debug|Any CPU
		{7263181A-A3FF-411F-A5C4-13C27B34D617}.Debug|Any CPU.Build.0 = Debug|Any CPU
		{7263181A-A3FF-411F-A5C4-13C27B34D617}.Debug|ARM.ActiveCfg = Debug|Any CPU
		{7263181A-A3FF-411F-A5C4-13C27B34D617}.Debug|ARM.Build.0 = Debug|Any CPU
		{7263181A-A3FF-411F-A5C4-13C27B34D617}.Debug|iPhone.ActiveCfg = Debug|Any CPU
		{7263181A-A3FF-411F-A5C4-13C27B34D617}.Debug|iPhone.Build.0 = Debug|Any CPU
		{7263181A-A3FF-411F-A5C4-13C27B34D617}.Debug|iPhoneSimulator.ActiveCfg = Debug|Any CPU
		{7263181A-A3FF-411F-A5C4-13C27B34D617}.Debug|iPhoneSimulator.Build.0 = Debug|Any CPU
		{7263181A-A3FF-411F-A5C4-13C27B34D617}.Debug|x64.ActiveCfg = Debug|Any CPU
		{7263181A-A3FF-411F-A5C4-13C27B34D617}.Debug|x64.Build.0 = Debug|Any CPU
		{7263181A-A3FF-411F-A5C4-13C27B34D617}.Debug|x86.ActiveCfg = Debug|Any CPU
		{7263181A-A3FF-411F-A5C4-13C27B34D617}.Debug|x86.Build.0 = Debug|Any CPU
		{7263181A-A3FF-411F-A5C4-13C27B34D617}.Release|Any CPU.ActiveCfg = Release|Any CPU
		{7263181A-A3FF-411F-A5C4-13C27B34D617}.Release|Any CPU.Build.0 = Release|Any CPU
		{7263181A-A3FF-411F-A5C4-13C27B34D617}.Release|ARM.ActiveCfg = Release|Any CPU
		{7263181A-A3FF-411F-A5C4-13C27B34D617}.Release|ARM.Build.0 = Release|Any CPU
		{7263181A-A3FF-411F-A5C4-13C27B34D617}.Release|iPhone.ActiveCfg = Release|Any CPU
		{7263181A-A3FF-411F-A5C4-13C27B34D617}.Release|iPhone.Build.0 = Release|Any CPU
		{7263181A-A3FF-411F-A5C4-13C27B34D617}.Release|iPhoneSimulator.ActiveCfg = Release|Any CPU
		{7263181A-A3FF-411F-A5C4-13C27B34D617}.Release|iPhoneSimulator.Build.0 = Release|Any CPU
		{7263181A-A3FF-411F-A5C4-13C27B34D617}.Release|x64.ActiveCfg = Release|Any CPU
		{7263181A-A3FF-411F-A5C4-13C27B34D617}.Release|x64.Build.0 = Release|Any CPU
		{7263181A-A3FF-411F-A5C4-13C27B34D617}.Release|x86.ActiveCfg = Release|Any CPU
		{7263181A-A3FF-411F-A5C4-13C27B34D617}.Release|x86.Build.0 = Release|Any CPU
		{E6BCC129-39C3-4BCF-9699-4BA03BB4BC11}.Ad-Hoc|Any CPU.ActiveCfg = Release|Any CPU
		{E6BCC129-39C3-4BCF-9699-4BA03BB4BC11}.Ad-Hoc|Any CPU.Build.0 = Release|Any CPU
		{E6BCC129-39C3-4BCF-9699-4BA03BB4BC11}.Ad-Hoc|Any CPU.Deploy.0 = Release|Any CPU
		{E6BCC129-39C3-4BCF-9699-4BA03BB4BC11}.Ad-Hoc|ARM.ActiveCfg = Release|Any CPU
		{E6BCC129-39C3-4BCF-9699-4BA03BB4BC11}.Ad-Hoc|ARM.Build.0 = Release|Any CPU
		{E6BCC129-39C3-4BCF-9699-4BA03BB4BC11}.Ad-Hoc|ARM.Deploy.0 = Release|Any CPU
		{E6BCC129-39C3-4BCF-9699-4BA03BB4BC11}.Ad-Hoc|iPhone.ActiveCfg = Release|Any CPU
		{E6BCC129-39C3-4BCF-9699-4BA03BB4BC11}.Ad-Hoc|iPhone.Build.0 = Release|Any CPU
		{E6BCC129-39C3-4BCF-9699-4BA03BB4BC11}.Ad-Hoc|iPhone.Deploy.0 = Release|Any CPU
		{E6BCC129-39C3-4BCF-9699-4BA03BB4BC11}.Ad-Hoc|iPhoneSimulator.ActiveCfg = Release|Any CPU
		{E6BCC129-39C3-4BCF-9699-4BA03BB4BC11}.Ad-Hoc|iPhoneSimulator.Build.0 = Release|Any CPU
		{E6BCC129-39C3-4BCF-9699-4BA03BB4BC11}.Ad-Hoc|iPhoneSimulator.Deploy.0 = Release|Any CPU
		{E6BCC129-39C3-4BCF-9699-4BA03BB4BC11}.Ad-Hoc|x64.ActiveCfg = Release|Any CPU
		{E6BCC129-39C3-4BCF-9699-4BA03BB4BC11}.Ad-Hoc|x64.Build.0 = Release|Any CPU
		{E6BCC129-39C3-4BCF-9699-4BA03BB4BC11}.Ad-Hoc|x64.Deploy.0 = Release|Any CPU
		{E6BCC129-39C3-4BCF-9699-4BA03BB4BC11}.Ad-Hoc|x86.ActiveCfg = Release|Any CPU
		{E6BCC129-39C3-4BCF-9699-4BA03BB4BC11}.Ad-Hoc|x86.Build.0 = Release|Any CPU
		{E6BCC129-39C3-4BCF-9699-4BA03BB4BC11}.Ad-Hoc|x86.Deploy.0 = Release|Any CPU
		{E6BCC129-39C3-4BCF-9699-4BA03BB4BC11}.AppStore|Any CPU.ActiveCfg = Release|Any CPU
		{E6BCC129-39C3-4BCF-9699-4BA03BB4BC11}.AppStore|Any CPU.Build.0 = Release|Any CPU
		{E6BCC129-39C3-4BCF-9699-4BA03BB4BC11}.AppStore|Any CPU.Deploy.0 = Release|Any CPU
		{E6BCC129-39C3-4BCF-9699-4BA03BB4BC11}.AppStore|ARM.ActiveCfg = Release|Any CPU
		{E6BCC129-39C3-4BCF-9699-4BA03BB4BC11}.AppStore|ARM.Build.0 = Release|Any CPU
		{E6BCC129-39C3-4BCF-9699-4BA03BB4BC11}.AppStore|ARM.Deploy.0 = Release|Any CPU
		{E6BCC129-39C3-4BCF-9699-4BA03BB4BC11}.AppStore|iPhone.ActiveCfg = Release|Any CPU
		{E6BCC129-39C3-4BCF-9699-4BA03BB4BC11}.AppStore|iPhone.Build.0 = Release|Any CPU
		{E6BCC129-39C3-4BCF-9699-4BA03BB4BC11}.AppStore|iPhone.Deploy.0 = Release|Any CPU
		{E6BCC129-39C3-4BCF-9699-4BA03BB4BC11}.AppStore|iPhoneSimulator.ActiveCfg = Release|Any CPU
		{E6BCC129-39C3-4BCF-9699-4BA03BB4BC11}.AppStore|iPhoneSimulator.Build.0 = Release|Any CPU
		{E6BCC129-39C3-4BCF-9699-4BA03BB4BC11}.AppStore|iPhoneSimulator.Deploy.0 = Release|Any CPU
		{E6BCC129-39C3-4BCF-9699-4BA03BB4BC11}.AppStore|x64.ActiveCfg = Release|Any CPU
		{E6BCC129-39C3-4BCF-9699-4BA03BB4BC11}.AppStore|x64.Build.0 = Release|Any CPU
		{E6BCC129-39C3-4BCF-9699-4BA03BB4BC11}.AppStore|x64.Deploy.0 = Release|Any CPU
		{E6BCC129-39C3-4BCF-9699-4BA03BB4BC11}.AppStore|x86.ActiveCfg = Release|Any CPU
		{E6BCC129-39C3-4BCF-9699-4BA03BB4BC11}.AppStore|x86.Build.0 = Release|Any CPU
		{E6BCC129-39C3-4BCF-9699-4BA03BB4BC11}.AppStore|x86.Deploy.0 = Release|Any CPU
		{E6BCC129-39C3-4BCF-9699-4BA03BB4BC11}.Debug|Any CPU.ActiveCfg = Debug|Any CPU
		{E6BCC129-39C3-4BCF-9699-4BA03BB4BC11}.Debug|Any CPU.Build.0 = Debug|Any CPU
		{E6BCC129-39C3-4BCF-9699-4BA03BB4BC11}.Debug|Any CPU.Deploy.0 = Debug|Any CPU
		{E6BCC129-39C3-4BCF-9699-4BA03BB4BC11}.Debug|ARM.ActiveCfg = Debug|Any CPU
		{E6BCC129-39C3-4BCF-9699-4BA03BB4BC11}.Debug|ARM.Build.0 = Debug|Any CPU
		{E6BCC129-39C3-4BCF-9699-4BA03BB4BC11}.Debug|ARM.Deploy.0 = Debug|Any CPU
		{E6BCC129-39C3-4BCF-9699-4BA03BB4BC11}.Debug|iPhone.ActiveCfg = Debug|Any CPU
		{E6BCC129-39C3-4BCF-9699-4BA03BB4BC11}.Debug|iPhone.Build.0 = Debug|Any CPU
		{E6BCC129-39C3-4BCF-9699-4BA03BB4BC11}.Debug|iPhone.Deploy.0 = Debug|Any CPU
		{E6BCC129-39C3-4BCF-9699-4BA03BB4BC11}.Debug|iPhoneSimulator.ActiveCfg = Debug|Any CPU
		{E6BCC129-39C3-4BCF-9699-4BA03BB4BC11}.Debug|iPhoneSimulator.Build.0 = Debug|Any CPU
		{E6BCC129-39C3-4BCF-9699-4BA03BB4BC11}.Debug|iPhoneSimulator.Deploy.0 = Debug|Any CPU
		{E6BCC129-39C3-4BCF-9699-4BA03BB4BC11}.Debug|x64.ActiveCfg = Debug|Any CPU
		{E6BCC129-39C3-4BCF-9699-4BA03BB4BC11}.Debug|x64.Build.0 = Debug|Any CPU
		{E6BCC129-39C3-4BCF-9699-4BA03BB4BC11}.Debug|x64.Deploy.0 = Debug|Any CPU
		{E6BCC129-39C3-4BCF-9699-4BA03BB4BC11}.Debug|x86.ActiveCfg = Debug|Any CPU
		{E6BCC129-39C3-4BCF-9699-4BA03BB4BC11}.Debug|x86.Build.0 = Debug|Any CPU
		{E6BCC129-39C3-4BCF-9699-4BA03BB4BC11}.Debug|x86.Deploy.0 = Debug|Any CPU
		{E6BCC129-39C3-4BCF-9699-4BA03BB4BC11}.Release|Any CPU.ActiveCfg = Release|Any CPU
		{E6BCC129-39C3-4BCF-9699-4BA03BB4BC11}.Release|Any CPU.Build.0 = Release|Any CPU
		{E6BCC129-39C3-4BCF-9699-4BA03BB4BC11}.Release|Any CPU.Deploy.0 = Release|Any CPU
		{E6BCC129-39C3-4BCF-9699-4BA03BB4BC11}.Release|ARM.ActiveCfg = Release|Any CPU
		{E6BCC129-39C3-4BCF-9699-4BA03BB4BC11}.Release|ARM.Build.0 = Release|Any CPU
		{E6BCC129-39C3-4BCF-9699-4BA03BB4BC11}.Release|ARM.Deploy.0 = Release|Any CPU
		{E6BCC129-39C3-4BCF-9699-4BA03BB4BC11}.Release|iPhone.ActiveCfg = Release|Any CPU
		{E6BCC129-39C3-4BCF-9699-4BA03BB4BC11}.Release|iPhone.Build.0 = Release|Any CPU
		{E6BCC129-39C3-4BCF-9699-4BA03BB4BC11}.Release|iPhone.Deploy.0 = Release|Any CPU
		{E6BCC129-39C3-4BCF-9699-4BA03BB4BC11}.Release|iPhoneSimulator.ActiveCfg = Release|Any CPU
		{E6BCC129-39C3-4BCF-9699-4BA03BB4BC11}.Release|iPhoneSimulator.Build.0 = Release|Any CPU
		{E6BCC129-39C3-4BCF-9699-4BA03BB4BC11}.Release|iPhoneSimulator.Deploy.0 = Release|Any CPU
		{E6BCC129-39C3-4BCF-9699-4BA03BB4BC11}.Release|x64.ActiveCfg = Release|Any CPU
		{E6BCC129-39C3-4BCF-9699-4BA03BB4BC11}.Release|x64.Build.0 = Release|Any CPU
		{E6BCC129-39C3-4BCF-9699-4BA03BB4BC11}.Release|x64.Deploy.0 = Release|Any CPU
		{E6BCC129-39C3-4BCF-9699-4BA03BB4BC11}.Release|x86.ActiveCfg = Release|Any CPU
		{E6BCC129-39C3-4BCF-9699-4BA03BB4BC11}.Release|x86.Build.0 = Release|Any CPU
		{E6BCC129-39C3-4BCF-9699-4BA03BB4BC11}.Release|x86.Deploy.0 = Release|Any CPU
		{255E3AF5-8CAB-4F3C-B500-1351EE7D59EF}.Ad-Hoc|Any CPU.ActiveCfg = Ad-Hoc|iPhone
		{255E3AF5-8CAB-4F3C-B500-1351EE7D59EF}.Ad-Hoc|ARM.ActiveCfg = Ad-Hoc|iPhone
		{255E3AF5-8CAB-4F3C-B500-1351EE7D59EF}.Ad-Hoc|iPhone.ActiveCfg = Ad-Hoc|iPhone
		{255E3AF5-8CAB-4F3C-B500-1351EE7D59EF}.Ad-Hoc|iPhone.Build.0 = Ad-Hoc|iPhone
		{255E3AF5-8CAB-4F3C-B500-1351EE7D59EF}.Ad-Hoc|iPhoneSimulator.ActiveCfg = Ad-Hoc|iPhoneSimulator
		{255E3AF5-8CAB-4F3C-B500-1351EE7D59EF}.Ad-Hoc|iPhoneSimulator.Build.0 = Ad-Hoc|iPhoneSimulator
		{255E3AF5-8CAB-4F3C-B500-1351EE7D59EF}.Ad-Hoc|x64.ActiveCfg = Ad-Hoc|iPhone
		{255E3AF5-8CAB-4F3C-B500-1351EE7D59EF}.Ad-Hoc|x86.ActiveCfg = Ad-Hoc|iPhone
		{255E3AF5-8CAB-4F3C-B500-1351EE7D59EF}.AppStore|Any CPU.ActiveCfg = AppStore|iPhone
		{255E3AF5-8CAB-4F3C-B500-1351EE7D59EF}.AppStore|ARM.ActiveCfg = AppStore|iPhone
		{255E3AF5-8CAB-4F3C-B500-1351EE7D59EF}.AppStore|iPhone.ActiveCfg = AppStore|iPhone
		{255E3AF5-8CAB-4F3C-B500-1351EE7D59EF}.AppStore|iPhone.Build.0 = AppStore|iPhone
		{255E3AF5-8CAB-4F3C-B500-1351EE7D59EF}.AppStore|iPhoneSimulator.ActiveCfg = AppStore|iPhoneSimulator
		{255E3AF5-8CAB-4F3C-B500-1351EE7D59EF}.AppStore|iPhoneSimulator.Build.0 = AppStore|iPhoneSimulator
		{255E3AF5-8CAB-4F3C-B500-1351EE7D59EF}.AppStore|x64.ActiveCfg = AppStore|iPhone
		{255E3AF5-8CAB-4F3C-B500-1351EE7D59EF}.AppStore|x86.ActiveCfg = AppStore|iPhone
		{255E3AF5-8CAB-4F3C-B500-1351EE7D59EF}.Debug|Any CPU.ActiveCfg = Debug|iPhone
		{255E3AF5-8CAB-4F3C-B500-1351EE7D59EF}.Debug|ARM.ActiveCfg = Debug|iPhone
		{255E3AF5-8CAB-4F3C-B500-1351EE7D59EF}.Debug|iPhone.ActiveCfg = Debug|iPhone
		{255E3AF5-8CAB-4F3C-B500-1351EE7D59EF}.Debug|iPhone.Build.0 = Debug|iPhone
		{255E3AF5-8CAB-4F3C-B500-1351EE7D59EF}.Debug|iPhoneSimulator.ActiveCfg = Debug|iPhoneSimulator
		{255E3AF5-8CAB-4F3C-B500-1351EE7D59EF}.Debug|iPhoneSimulator.Build.0 = Debug|iPhoneSimulator
		{255E3AF5-8CAB-4F3C-B500-1351EE7D59EF}.Debug|x64.ActiveCfg = Debug|iPhone
		{255E3AF5-8CAB-4F3C-B500-1351EE7D59EF}.Debug|x86.ActiveCfg = Debug|iPhone
		{255E3AF5-8CAB-4F3C-B500-1351EE7D59EF}.Release|Any CPU.ActiveCfg = Release|iPhone
		{255E3AF5-8CAB-4F3C-B500-1351EE7D59EF}.Release|ARM.ActiveCfg = Release|iPhone
		{255E3AF5-8CAB-4F3C-B500-1351EE7D59EF}.Release|iPhone.ActiveCfg = Release|iPhone
		{255E3AF5-8CAB-4F3C-B500-1351EE7D59EF}.Release|iPhone.Build.0 = Release|iPhone
		{255E3AF5-8CAB-4F3C-B500-1351EE7D59EF}.Release|iPhoneSimulator.ActiveCfg = Release|iPhoneSimulator
		{255E3AF5-8CAB-4F3C-B500-1351EE7D59EF}.Release|iPhoneSimulator.Build.0 = Release|iPhoneSimulator
		{255E3AF5-8CAB-4F3C-B500-1351EE7D59EF}.Release|x64.ActiveCfg = Release|iPhone
		{255E3AF5-8CAB-4F3C-B500-1351EE7D59EF}.Release|x86.ActiveCfg = Release|iPhone
		{DFB8A7AD-A599-4E8B-A977-1334696CBAFC}.Ad-Hoc|Any CPU.ActiveCfg = Debug|Any CPU
		{DFB8A7AD-A599-4E8B-A977-1334696CBAFC}.Ad-Hoc|Any CPU.Build.0 = Debug|Any CPU
		{DFB8A7AD-A599-4E8B-A977-1334696CBAFC}.Ad-Hoc|ARM.ActiveCfg = Debug|Any CPU
		{DFB8A7AD-A599-4E8B-A977-1334696CBAFC}.Ad-Hoc|ARM.Build.0 = Debug|Any CPU
		{DFB8A7AD-A599-4E8B-A977-1334696CBAFC}.Ad-Hoc|iPhone.ActiveCfg = Debug|Any CPU
		{DFB8A7AD-A599-4E8B-A977-1334696CBAFC}.Ad-Hoc|iPhone.Build.0 = Debug|Any CPU
		{DFB8A7AD-A599-4E8B-A977-1334696CBAFC}.Ad-Hoc|iPhoneSimulator.ActiveCfg = Debug|Any CPU
		{DFB8A7AD-A599-4E8B-A977-1334696CBAFC}.Ad-Hoc|iPhoneSimulator.Build.0 = Debug|Any CPU
		{DFB8A7AD-A599-4E8B-A977-1334696CBAFC}.Ad-Hoc|x64.ActiveCfg = Debug|Any CPU
		{DFB8A7AD-A599-4E8B-A977-1334696CBAFC}.Ad-Hoc|x64.Build.0 = Debug|Any CPU
		{DFB8A7AD-A599-4E8B-A977-1334696CBAFC}.Ad-Hoc|x86.ActiveCfg = Debug|Any CPU
		{DFB8A7AD-A599-4E8B-A977-1334696CBAFC}.Ad-Hoc|x86.Build.0 = Debug|Any CPU
		{DFB8A7AD-A599-4E8B-A977-1334696CBAFC}.AppStore|Any CPU.ActiveCfg = Debug|Any CPU
		{DFB8A7AD-A599-4E8B-A977-1334696CBAFC}.AppStore|Any CPU.Build.0 = Debug|Any CPU
		{DFB8A7AD-A599-4E8B-A977-1334696CBAFC}.AppStore|ARM.ActiveCfg = Debug|Any CPU
		{DFB8A7AD-A599-4E8B-A977-1334696CBAFC}.AppStore|ARM.Build.0 = Debug|Any CPU
		{DFB8A7AD-A599-4E8B-A977-1334696CBAFC}.AppStore|iPhone.ActiveCfg = Debug|Any CPU
		{DFB8A7AD-A599-4E8B-A977-1334696CBAFC}.AppStore|iPhone.Build.0 = Debug|Any CPU
		{DFB8A7AD-A599-4E8B-A977-1334696CBAFC}.AppStore|iPhoneSimulator.ActiveCfg = Debug|Any CPU
		{DFB8A7AD-A599-4E8B-A977-1334696CBAFC}.AppStore|iPhoneSimulator.Build.0 = Debug|Any CPU
		{DFB8A7AD-A599-4E8B-A977-1334696CBAFC}.AppStore|x64.ActiveCfg = Debug|Any CPU
		{DFB8A7AD-A599-4E8B-A977-1334696CBAFC}.AppStore|x64.Build.0 = Debug|Any CPU
		{DFB8A7AD-A599-4E8B-A977-1334696CBAFC}.AppStore|x86.ActiveCfg = Debug|Any CPU
		{DFB8A7AD-A599-4E8B-A977-1334696CBAFC}.AppStore|x86.Build.0 = Debug|Any CPU
		{DFB8A7AD-A599-4E8B-A977-1334696CBAFC}.Debug|Any CPU.ActiveCfg = Debug|Any CPU
		{DFB8A7AD-A599-4E8B-A977-1334696CBAFC}.Debug|Any CPU.Build.0 = Debug|Any CPU
		{DFB8A7AD-A599-4E8B-A977-1334696CBAFC}.Debug|ARM.ActiveCfg = Debug|Any CPU
		{DFB8A7AD-A599-4E8B-A977-1334696CBAFC}.Debug|ARM.Build.0 = Debug|Any CPU
		{DFB8A7AD-A599-4E8B-A977-1334696CBAFC}.Debug|iPhone.ActiveCfg = Debug|Any CPU
		{DFB8A7AD-A599-4E8B-A977-1334696CBAFC}.Debug|iPhone.Build.0 = Debug|Any CPU
		{DFB8A7AD-A599-4E8B-A977-1334696CBAFC}.Debug|iPhoneSimulator.ActiveCfg = Debug|Any CPU
		{DFB8A7AD-A599-4E8B-A977-1334696CBAFC}.Debug|iPhoneSimulator.Build.0 = Debug|Any CPU
		{DFB8A7AD-A599-4E8B-A977-1334696CBAFC}.Debug|x64.ActiveCfg = Debug|Any CPU
		{DFB8A7AD-A599-4E8B-A977-1334696CBAFC}.Debug|x64.Build.0 = Debug|Any CPU
		{DFB8A7AD-A599-4E8B-A977-1334696CBAFC}.Debug|x86.ActiveCfg = Debug|Any CPU
		{DFB8A7AD-A599-4E8B-A977-1334696CBAFC}.Debug|x86.Build.0 = Debug|Any CPU
		{DFB8A7AD-A599-4E8B-A977-1334696CBAFC}.Release|Any CPU.ActiveCfg = Release|Any CPU
		{DFB8A7AD-A599-4E8B-A977-1334696CBAFC}.Release|Any CPU.Build.0 = Release|Any CPU
		{DFB8A7AD-A599-4E8B-A977-1334696CBAFC}.Release|ARM.ActiveCfg = Release|Any CPU
		{DFB8A7AD-A599-4E8B-A977-1334696CBAFC}.Release|ARM.Build.0 = Release|Any CPU
		{DFB8A7AD-A599-4E8B-A977-1334696CBAFC}.Release|iPhone.ActiveCfg = Release|Any CPU
		{DFB8A7AD-A599-4E8B-A977-1334696CBAFC}.Release|iPhone.Build.0 = Release|Any CPU
		{DFB8A7AD-A599-4E8B-A977-1334696CBAFC}.Release|iPhoneSimulator.ActiveCfg = Release|Any CPU
		{DFB8A7AD-A599-4E8B-A977-1334696CBAFC}.Release|iPhoneSimulator.Build.0 = Release|Any CPU
		{DFB8A7AD-A599-4E8B-A977-1334696CBAFC}.Release|x64.ActiveCfg = Release|Any CPU
		{DFB8A7AD-A599-4E8B-A977-1334696CBAFC}.Release|x64.Build.0 = Release|Any CPU
		{DFB8A7AD-A599-4E8B-A977-1334696CBAFC}.Release|x86.ActiveCfg = Release|Any CPU
		{DFB8A7AD-A599-4E8B-A977-1334696CBAFC}.Release|x86.Build.0 = Release|Any CPU
		{D9843D7A-4EAE-4300-93AF-812583B5E2F9}.Ad-Hoc|Any CPU.ActiveCfg = Debug|Any CPU
		{D9843D7A-4EAE-4300-93AF-812583B5E2F9}.Ad-Hoc|Any CPU.Build.0 = Debug|Any CPU
		{D9843D7A-4EAE-4300-93AF-812583B5E2F9}.Ad-Hoc|ARM.ActiveCfg = Debug|Any CPU
		{D9843D7A-4EAE-4300-93AF-812583B5E2F9}.Ad-Hoc|ARM.Build.0 = Debug|Any CPU
		{D9843D7A-4EAE-4300-93AF-812583B5E2F9}.Ad-Hoc|iPhone.ActiveCfg = Debug|Any CPU
		{D9843D7A-4EAE-4300-93AF-812583B5E2F9}.Ad-Hoc|iPhone.Build.0 = Debug|Any CPU
		{D9843D7A-4EAE-4300-93AF-812583B5E2F9}.Ad-Hoc|iPhoneSimulator.ActiveCfg = Debug|Any CPU
		{D9843D7A-4EAE-4300-93AF-812583B5E2F9}.Ad-Hoc|iPhoneSimulator.Build.0 = Debug|Any CPU
		{D9843D7A-4EAE-4300-93AF-812583B5E2F9}.Ad-Hoc|x64.ActiveCfg = Debug|Any CPU
		{D9843D7A-4EAE-4300-93AF-812583B5E2F9}.Ad-Hoc|x64.Build.0 = Debug|Any CPU
		{D9843D7A-4EAE-4300-93AF-812583B5E2F9}.Ad-Hoc|x86.ActiveCfg = Debug|Any CPU
		{D9843D7A-4EAE-4300-93AF-812583B5E2F9}.Ad-Hoc|x86.Build.0 = Debug|Any CPU
		{D9843D7A-4EAE-4300-93AF-812583B5E2F9}.AppStore|Any CPU.ActiveCfg = Debug|Any CPU
		{D9843D7A-4EAE-4300-93AF-812583B5E2F9}.AppStore|Any CPU.Build.0 = Debug|Any CPU
		{D9843D7A-4EAE-4300-93AF-812583B5E2F9}.AppStore|ARM.ActiveCfg = Debug|Any CPU
		{D9843D7A-4EAE-4300-93AF-812583B5E2F9}.AppStore|ARM.Build.0 = Debug|Any CPU
		{D9843D7A-4EAE-4300-93AF-812583B5E2F9}.AppStore|iPhone.ActiveCfg = Debug|Any CPU
		{D9843D7A-4EAE-4300-93AF-812583B5E2F9}.AppStore|iPhone.Build.0 = Debug|Any CPU
		{D9843D7A-4EAE-4300-93AF-812583B5E2F9}.AppStore|iPhoneSimulator.ActiveCfg = Debug|Any CPU
		{D9843D7A-4EAE-4300-93AF-812583B5E2F9}.AppStore|iPhoneSimulator.Build.0 = Debug|Any CPU
		{D9843D7A-4EAE-4300-93AF-812583B5E2F9}.AppStore|x64.ActiveCfg = Debug|Any CPU
		{D9843D7A-4EAE-4300-93AF-812583B5E2F9}.AppStore|x64.Build.0 = Debug|Any CPU
		{D9843D7A-4EAE-4300-93AF-812583B5E2F9}.AppStore|x86.ActiveCfg = Debug|Any CPU
		{D9843D7A-4EAE-4300-93AF-812583B5E2F9}.AppStore|x86.Build.0 = Debug|Any CPU
		{D9843D7A-4EAE-4300-93AF-812583B5E2F9}.Debug|Any CPU.ActiveCfg = Debug|Any CPU
		{D9843D7A-4EAE-4300-93AF-812583B5E2F9}.Debug|Any CPU.Build.0 = Debug|Any CPU
		{D9843D7A-4EAE-4300-93AF-812583B5E2F9}.Debug|ARM.ActiveCfg = Debug|Any CPU
		{D9843D7A-4EAE-4300-93AF-812583B5E2F9}.Debug|ARM.Build.0 = Debug|Any CPU
		{D9843D7A-4EAE-4300-93AF-812583B5E2F9}.Debug|iPhone.ActiveCfg = Debug|Any CPU
		{D9843D7A-4EAE-4300-93AF-812583B5E2F9}.Debug|iPhone.Build.0 = Debug|Any CPU
		{D9843D7A-4EAE-4300-93AF-812583B5E2F9}.Debug|iPhoneSimulator.ActiveCfg = Debug|Any CPU
		{D9843D7A-4EAE-4300-93AF-812583B5E2F9}.Debug|iPhoneSimulator.Build.0 = Debug|Any CPU
		{D9843D7A-4EAE-4300-93AF-812583B5E2F9}.Debug|x64.ActiveCfg = Debug|Any CPU
		{D9843D7A-4EAE-4300-93AF-812583B5E2F9}.Debug|x64.Build.0 = Debug|Any CPU
		{D9843D7A-4EAE-4300-93AF-812583B5E2F9}.Debug|x86.ActiveCfg = Debug|Any CPU
		{D9843D7A-4EAE-4300-93AF-812583B5E2F9}.Debug|x86.Build.0 = Debug|Any CPU
		{D9843D7A-4EAE-4300-93AF-812583B5E2F9}.Release|Any CPU.ActiveCfg = Release|Any CPU
		{D9843D7A-4EAE-4300-93AF-812583B5E2F9}.Release|Any CPU.Build.0 = Release|Any CPU
		{D9843D7A-4EAE-4300-93AF-812583B5E2F9}.Release|ARM.ActiveCfg = Release|Any CPU
		{D9843D7A-4EAE-4300-93AF-812583B5E2F9}.Release|ARM.Build.0 = Release|Any CPU
		{D9843D7A-4EAE-4300-93AF-812583B5E2F9}.Release|iPhone.ActiveCfg = Release|Any CPU
		{D9843D7A-4EAE-4300-93AF-812583B5E2F9}.Release|iPhone.Build.0 = Release|Any CPU
		{D9843D7A-4EAE-4300-93AF-812583B5E2F9}.Release|iPhoneSimulator.ActiveCfg = Release|Any CPU
		{D9843D7A-4EAE-4300-93AF-812583B5E2F9}.Release|iPhoneSimulator.Build.0 = Release|Any CPU
		{D9843D7A-4EAE-4300-93AF-812583B5E2F9}.Release|x64.ActiveCfg = Release|Any CPU
		{D9843D7A-4EAE-4300-93AF-812583B5E2F9}.Release|x64.Build.0 = Release|Any CPU
		{D9843D7A-4EAE-4300-93AF-812583B5E2F9}.Release|x86.ActiveCfg = Release|Any CPU
		{D9843D7A-4EAE-4300-93AF-812583B5E2F9}.Release|x86.Build.0 = Release|Any CPU
	EndGlobalSection
	GlobalSection(SolutionProperties) = preSolution
		HideSolutionNode = FALSE
	EndGlobalSection
	GlobalSection(ExtensibilityGlobals) = postSolution
		SolutionGuid = {A8009EA9-1FBF-4FA0-AC28-E685913D4527}
	EndGlobalSection
EndGlobal
